
Microsoft Visual Studio Solution File, Format Version 12.00
# Visual Studio 2017
Project("{FAE04EC0-301F-11D3-BF4B-00C04F79EFBC}") = "Word_Game_jwstockman1011", "Word_Game_jwstockman1011.csproj", "{6A6AC452-38F4-5A3A-8704-E294F3A9AA51}"
EndProject
Global
	GlobalSection(SolutionConfigurationPlatforms) = preSolution
		Debug|Any CPU = Debug|Any CPU
		Release|Any CPU = Release|Any CPU
	EndGlobalSection
	GlobalSection(ProjectConfigurationPlatforms) = postSolution
		{6A6AC452-38F4-5A3A-8704-E294F3A9AA51}.Debug|Any CPU.ActiveCfg = Debug|Any CPU
		{6A6AC452-38F4-5A3A-8704-E294F3A9AA51}.Debug|Any CPU.Build.0 = Debug|Any CPU
		{6A6AC452-38F4-5A3A-8704-E294F3A9AA51}.Release|Any CPU.ActiveCfg = Release|Any CPU
		{6A6AC452-38F4-5A3A-8704-E294F3A9AA51}.Release|Any CPU.Build.0 = Release|Any CPU
	EndGlobalSection
	GlobalSection(SolutionProperties) = preSolution
		HideSolutionNode = FALSE
	EndGlobalSection
EndGlobal
